
Microsoft Visual Studio Solution File, Format Version 12.00
# Visual Studio 15
VisualStudioVersion = 15.0.27428.2002
MinimumVisualStudioVersion = 10.0.40219.1
Project("{FAE04EC0-301F-11D3-BF4B-00C04F79EFBC}") = "TCCB_QuanLy", "TCCB_QuanLy\TCCB_QuanLy.csproj", "{A34622DC-D9BC-4F24-87CA-9F3A2BAA6668}"
EndProject
Global
	GlobalSection(SolutionConfigurationPlatforms) = preSolution
		Debug|Any CPU = Debug|Any CPU
		Release|Any CPU = Release|Any CPU
	EndGlobalSection
	GlobalSection(ProjectConfigurationPlatforms) = postSolution
		{A34622DC-D9BC-4F24-87CA-9F3A2BAA6668}.Debug|Any CPU.ActiveCfg = Debug|Any CPU
		{A34622DC-D9BC-4F24-87CA-9F3A2BAA6668}.Debug|Any CPU.Build.0 = Debug|Any CPU
		{A34622DC-D9BC-4F24-87CA-9F3A2BAA6668}.Release|Any CPU.ActiveCfg = Release|Any CPU
		{A34622DC-D9BC-4F24-87CA-9F3A2BAA6668}.Release|Any CPU.Build.0 = Release|Any CPU
	EndGlobalSection
	GlobalSection(SolutionProperties) = preSolution
		HideSolutionNode = FALSE
	EndGlobalSection
	GlobalSection(ExtensibilityGlobals) = postSolution
		SolutionGuid = {EABFDD76-6327-4BA7-BAFF-1C7204A087EA}
	EndGlobalSection
EndGlobal
